
Microsoft Visual Studio Solution File, Format Version 12.00
# Visual Studio Version 16
VisualStudioVersion = 16.0.30114.105
MinimumVisualStudioVersion = 10.0.40219.1
Project("{9A19103F-16F7-4668-BE54-9A1E7A4F7556}") = "LOGINandREG", "LOGINandREG.csproj", "{48E23750-EE6F-462D-AC9D-363300FB101D}"
EndProject
Global
	GlobalSection(SolutionConfigurationPlatforms) = preSolution
		Debug|Any CPU = Debug|Any CPU
		Release|Any CPU = Release|Any CPU
	EndGlobalSection
	GlobalSection(ProjectConfigurationPlatforms) = postSolution
		{48E23750-EE6F-462D-AC9D-363300FB101D}.Debug|Any CPU.ActiveCfg = Debug|Any CPU
		{48E23750-EE6F-462D-AC9D-363300FB101D}.Debug|Any CPU.Build.0 = Debug|Any CPU
		{48E23750-EE6F-462D-AC9D-363300FB101D}.Release|Any CPU.ActiveCfg = Release|Any CPU
		{48E23750-EE6F-462D-AC9D-363300FB101D}.Release|Any CPU.Build.0 = Release|Any CPU
	EndGlobalSection
	GlobalSection(SolutionProperties) = preSolution
		HideSolutionNode = FALSE
	EndGlobalSection
	GlobalSection(ExtensibilityGlobals) = postSolution
		SolutionGuid = {2F6DE891-C0E9-4CAA-9C37-B0F1720FE703}
	EndGlobalSection
EndGlobal
